
Microsoft Visual Studio Solution File, Format Version 12.00
# Visual Studio Version 16
VisualStudioVersion = 16.0.29613.14
MinimumVisualStudioVersion = 10.0.40219.1
Project("{FAE04EC0-301F-11D3-BF4B-00C04F79EFBC}") = "BalanceTech", "BalanceTech\BalanceTech.csproj", "{D5EEC779-E868-4085-83C0-2FED31B38707}"
EndProject
Global
	GlobalSection(SolutionConfigurationPlatforms) = preSolution
		Debug|Any CPU = Debug|Any CPU
		Release|Any CPU = Release|Any CPU
	EndGlobalSection
	GlobalSection(ProjectConfigurationPlatforms) = postSolution
		{D5EEC779-E868-4085-83C0-2FED31B38707}.Debug|Any CPU.ActiveCfg = Debug|Any CPU
		{D5EEC779-E868-4085-83C0-2FED31B38707}.Debug|Any CPU.Build.0 = Debug|Any CPU
		{D5EEC779-E868-4085-83C0-2FED31B38707}.Release|Any CPU.ActiveCfg = Release|Any CPU
		{D5EEC779-E868-4085-83C0-2FED31B38707}.Release|Any CPU.Build.0 = Release|Any CPU
	EndGlobalSection
	GlobalSection(SolutionProperties) = preSolution
		HideSolutionNode = FALSE
	EndGlobalSection
	GlobalSection(ExtensibilityGlobals) = postSolution
		SolutionGuid = {820D398D-8B20-4167-9C86-AE64FBA79ACA}
	EndGlobalSection
EndGlobal
