
Microsoft Visual Studio Solution File, Format Version 12.00
# Visual Studio Version 16
VisualStudioVersion = 16.0.29215.179
MinimumVisualStudioVersion = 10.0.40219.1
Project("{FAE04EC0-301F-11D3-BF4B-00C04F79EFBC}") = "ThoreWPFTutorial", "ThoreWPFTutorial\ThoreWPFTutorial.csproj", "{D6416DC3-BE0D-48DE-BEB8-F151DAA5A430}"
EndProject
Global
	GlobalSection(SolutionConfigurationPlatforms) = preSolution
		Debug|Any CPU = Debug|Any CPU
		Release|Any CPU = Release|Any CPU
	EndGlobalSection
	GlobalSection(ProjectConfigurationPlatforms) = postSolution
		{D6416DC3-BE0D-48DE-BEB8-F151DAA5A430}.Debug|Any CPU.ActiveCfg = Debug|Any CPU
		{D6416DC3-BE0D-48DE-BEB8-F151DAA5A430}.Debug|Any CPU.Build.0 = Debug|Any CPU
		{D6416DC3-BE0D-48DE-BEB8-F151DAA5A430}.Release|Any CPU.ActiveCfg = Release|Any CPU
		{D6416DC3-BE0D-48DE-BEB8-F151DAA5A430}.Release|Any CPU.Build.0 = Release|Any CPU
	EndGlobalSection
	GlobalSection(SolutionProperties) = preSolution
		HideSolutionNode = FALSE
	EndGlobalSection
	GlobalSection(ExtensibilityGlobals) = postSolution
		SolutionGuid = {B9F607F5-B521-497D-BA39-7717E823267E}
	EndGlobalSection
EndGlobal
