
Microsoft Visual Studio Solution File, Format Version 12.00
# Visual Studio Version 16
VisualStudioVersion = 16.0.29230.47
MinimumVisualStudioVersion = 10.0.40219.1
Project("{FAE04EC0-301F-11D3-BF4B-00C04F79EFBC}") = "StartKillProcessInCsharp", "StartKillProcessInCsharp\StartKillProcessInCsharp.csproj", "{706FCE4B-C013-4F4A-B841-769113E4B82B}"
EndProject
Global
	GlobalSection(SolutionConfigurationPlatforms) = preSolution
		Debug|Any CPU = Debug|Any CPU
		Release|Any CPU = Release|Any CPU
	EndGlobalSection
	GlobalSection(ProjectConfigurationPlatforms) = postSolution
		{706FCE4B-C013-4F4A-B841-769113E4B82B}.Debug|Any CPU.ActiveCfg = Debug|Any CPU
		{706FCE4B-C013-4F4A-B841-769113E4B82B}.Debug|Any CPU.Build.0 = Debug|Any CPU
		{706FCE4B-C013-4F4A-B841-769113E4B82B}.Release|Any CPU.ActiveCfg = Release|Any CPU
		{706FCE4B-C013-4F4A-B841-769113E4B82B}.Release|Any CPU.Build.0 = Release|Any CPU
	EndGlobalSection
	GlobalSection(SolutionProperties) = preSolution
		HideSolutionNode = FALSE
	EndGlobalSection
	GlobalSection(ExtensibilityGlobals) = postSolution
		SolutionGuid = {A9709062-966F-4E3D-AB9D-18F4AC5CA346}
	EndGlobalSection
EndGlobal
